// !$*UTF8*$!
{
	archiveVersion = 1;
	classes = {
	};
	objectVersion = 46;
	objects = {

/* Begin PBXBuildFile section */
		7B0996741DBE67E200C9CC74 /* Assets.xcassets in Resources */ = {isa = PBXBuildFile; fileRef = 7B0996731DBE67E200C9CC74 /* Assets.xcassets */; };
		7B09967B1DBE67E200C9CC74 /* MessagesExtension.appex in Embed App Extensions */ = {isa = PBXBuildFile; fileRef = 7B09967A1DBE67E200C9CC74 /* MessagesExtension.appex */; settings = {ATTRIBUTES = (RemoveHeadersOnCopy, ); }; };
		7B0996801DBE67E200C9CC74 /* Messages.framework in Frameworks */ = {isa = PBXBuildFile; fileRef = 7B09967F1DBE67E200C9CC74 /* Messages.framework */; };
		7B0996831DBE67E200C9CC74 /* MessagesViewController.swift in Sources */ = {isa = PBXBuildFile; fileRef = 7B0996821DBE67E200C9CC74 /* MessagesViewController.swift */; };
		7B0996861DBE67E200C9CC74 /* MainInterface.storyboard in Resources */ = {isa = PBXBuildFile; fileRef = 7B0996841DBE67E200C9CC74 /* MainInterface.storyboard */; };
		7B0996881DBE67E200C9CC74 /* Assets.xcassets in Resources */ = {isa = PBXBuildFile; fileRef = 7B0996871DBE67E200C9CC74 /* Assets.xcassets */; };
		7B768DB61DBE84890035F19C /* EventVC.swift in Sources */ = {isa = PBXBuildFile; fileRef = 7B768DB51DBE84890035F19C /* EventVC.swift */; };
/* End PBXBuildFile section */

/* Begin PBXContainerItemProxy section */
		7B09967C1DBE67E200C9CC74 /* PBXContainerItemProxy */ = {
			isa = PBXContainerItemProxy;
			containerPortal = 7B09966A1DBE67E200C9CC74 /* Project object */;
			proxyType = 1;
			remoteGlobalIDString = 7B0996791DBE67E200C9CC74;
			remoteInfo = MessagesExtension;
		};
/* End PBXContainerItemProxy section */

/* Begin PBXCopyFilesBuildPhase section */
		7B09968F1DBE67E200C9CC74 /* Embed App Extensions */ = {
			isa = PBXCopyFilesBuildPhase;
			buildActionMask = 2147483647;
			dstPath = "";
			dstSubfolderSpec = 13;
			files = (
				7B09967B1DBE67E200C9CC74 /* MessagesExtension.appex in Embed App Extensions */,
			);
			name = "Embed App Extensions";
			runOnlyForDeploymentPostprocessing = 0;
		};
/* End PBXCopyFilesBuildPhase section */

/* Begin PBXFileReference section */
		7B0996701DBE67E200C9CC74 /* SharingTime.app */ = {isa = PBXFileReference; explicitFileType = wrapper.application; includeInIndex = 0; path = SharingTime.app; sourceTree = BUILT_PRODUCTS_DIR; };
		7B0996731DBE67E200C9CC74 /* Assets.xcassets */ = {isa = PBXFileReference; lastKnownFileType = folder.assetcatalog; path = Assets.xcassets; sourceTree = "<group>"; };
		7B0996751DBE67E200C9CC74 /* Info.plist */ = {isa = PBXFileReference; lastKnownFileType = text.plist.xml; path = Info.plist; sourceTree = "<group>"; };
		7B09967A1DBE67E200C9CC74 /* MessagesExtension.appex */ = {isa = PBXFileReference; explicitFileType = "wrapper.app-extension"; includeInIndex = 0; path = MessagesExtension.appex; sourceTree = BUILT_PRODUCTS_DIR; };
		7B09967F1DBE67E200C9CC74 /* Messages.framework */ = {isa = PBXFileReference; lastKnownFileType = wrapper.framework; name = Messages.framework; path = System/Library/Frameworks/Messages.framework; sourceTree = SDKROOT; };
		7B0996821DBE67E200C9CC74 /* MessagesViewController.swift */ = {isa = PBXFileReference; lastKnownFileType = sourcecode.swift; path = MessagesViewController.swift; sourceTree = "<group>"; };
		7B0996851DBE67E200C9CC74 /* Base */ = {isa = PBXFileReference; lastKnownFileType = file.storyboard; name = Base; path = Base.lproj/MainInterface.storyboard; sourceTree = "<group>"; };
		7B0996871DBE67E200C9CC74 /* Assets.xcassets */ = {isa = PBXFileReference; lastKnownFileType = folder.assetcatalog; path = Assets.xcassets; sourceTree = "<group>"; };
		7B0996891DBE67E200C9CC74 /* Info.plist */ = {isa = PBXFileReference; lastKnownFileType = text.plist.xml; path = Info.plist; sourceTree = "<group>"; };
		7B768DB51DBE84890035F19C /* EventVC.swift */ = {isa = PBXFileReference; fileEncoding = 4; lastKnownFileType = sourcecode.swift; path = EventVC.swift; sourceTree = "<group>"; };
		7BF1DF291DBFB82D009513CF /* MessagesExtension.entitlements */ = {isa = PBXFileReference; lastKnownFileType = text.plist.entitlements; path = MessagesExtension.entitlements; sourceTree = "<group>"; };
/* End PBXFileReference section */

/* Begin PBXFrameworksBuildPhase section */
		7B0996771DBE67E200C9CC74 /* Frameworks */ = {
			isa = PBXFrameworksBuildPhase;
			buildActionMask = 2147483647;
			files = (
				7B0996801DBE67E200C9CC74 /* Messages.framework in Frameworks */,
			);
			runOnlyForDeploymentPostprocessing = 0;
		};
/* End PBXFrameworksBuildPhase section */

/* Begin PBXGroup section */
		7B0996691DBE67E200C9CC74 = {
			isa = PBXGroup;
			children = (
				7B0996721DBE67E200C9CC74 /* SharingTime */,
				7B0996811DBE67E200C9CC74 /* MessagesExtension */,
				7B09967E1DBE67E200C9CC74 /* Frameworks */,
				7B0996711DBE67E200C9CC74 /* Products */,
			);
			sourceTree = "<group>";
		};
		7B0996711DBE67E200C9CC74 /* Products */ = {
			isa = PBXGroup;
			children = (
				7B0996701DBE67E200C9CC74 /* SharingTime.app */,
				7B09967A1DBE67E200C9CC74 /* MessagesExtension.appex */,
			);
			name = Products;
			sourceTree = "<group>";
		};
		7B0996721DBE67E200C9CC74 /* SharingTime */ = {
			isa = PBXGroup;
			children = (
				7B0996731DBE67E200C9CC74 /* Assets.xcassets */,
				7B0996751DBE67E200C9CC74 /* Info.plist */,
			);
			path = SharingTime;
			sourceTree = "<group>";
		};
		7B09967E1DBE67E200C9CC74 /* Frameworks */ = {
			isa = PBXGroup;
			children = (
				7B09967F1DBE67E200C9CC74 /* Messages.framework */,
			);
			name = Frameworks;
			sourceTree = "<group>";
		};
		7B0996811DBE67E200C9CC74 /* MessagesExtension */ = {
			isa = PBXGroup;
			children = (
				7BF1DF291DBFB82D009513CF /* MessagesExtension.entitlements */,
				7B0996821DBE67E200C9CC74 /* MessagesViewController.swift */,
				7B0996841DBE67E200C9CC74 /* MainInterface.storyboard */,
				7B768DB51DBE84890035F19C /* EventVC.swift */,
				7B0996871DBE67E200C9CC74 /* Assets.xcassets */,
				7B0996891DBE67E200C9CC74 /* Info.plist */,
			);
			path = MessagesExtension;
			sourceTree = "<group>";
		};
/* End PBXGroup section */

/* Begin PBXNativeTarget section */
		7B09966F1DBE67E200C9CC74 /* SharingTime */ = {
			isa = PBXNativeTarget;
			buildConfigurationList = 7B0996901DBE67E200C9CC74 /* Build configuration list for PBXNativeTarget "SharingTime" */;
			buildPhases = (
				7B09966E1DBE67E200C9CC74 /* Resources */,
				7B09968F1DBE67E200C9CC74 /* Embed App Extensions */,
			);
			buildRules = (
			);
			dependencies = (
				7B09967D1DBE67E200C9CC74 /* PBXTargetDependency */,
			);
			name = SharingTime;
			productName = SharingTime;
			productReference = 7B0996701DBE67E200C9CC74 /* SharingTime.app */;
			productType = "com.apple.product-type.application.messages";
		};
		7B0996791DBE67E200C9CC74 /* MessagesExtension */ = {
			isa = PBXNativeTarget;
			buildConfigurationList = 7B09968C1DBE67E200C9CC74 /* Build configuration list for PBXNativeTarget "MessagesExtension" */;
			buildPhases = (
				7B0996761DBE67E200C9CC74 /* Sources */,
				7B0996771DBE67E200C9CC74 /* Frameworks */,
				7B0996781DBE67E200C9CC74 /* Resources */,
			);
			buildRules = (
			);
			dependencies = (
			);
			name = MessagesExtension;
			productName = MessagesExtension;
			productReference = 7B09967A1DBE67E200C9CC74 /* MessagesExtension.appex */;
			productType = "com.apple.product-type.app-extension.messages";
		};
/* End PBXNativeTarget section */

/* Begin PBXProject section */
		7B09966A1DBE67E200C9CC74 /* Project object */ = {
			isa = PBXProject;
			attributes = {
				LastSwiftUpdateCheck = 0800;
				LastUpgradeCheck = 0800;
				ORGANIZATIONNAME = "Dan Lindsay";
				TargetAttributes = {
					7B09966F1DBE67E200C9CC74 = {
						CreatedOnToolsVersion = 8.0;
						DevelopmentTeam = 999T2QHS45;
						ProvisioningStyle = Automatic;
					};
					7B0996791DBE67E200C9CC74 = {
						CreatedOnToolsVersion = 8.0;
						DevelopmentTeam = 999T2QHS45;
						ProvisioningStyle = Automatic;
						SystemCapabilities = {
							com.apple.ApplicationGroups.iOS = {
								enabled = 0;
							};
						};
					};
				};
			};
			buildConfigurationList = 7B09966D1DBE67E200C9CC74 /* Build configuration list for PBXProject "SharingTime" */;
			compatibilityVersion = "Xcode 3.2";
			developmentRegion = English;
			hasScannedForEncodings = 0;
			knownRegions = (
				en,
				Base,
			);
			mainGroup = 7B0996691DBE67E200C9CC74;
			productRefGroup = 7B0996711DBE67E200C9CC74 /* Products */;
			projectDirPath = "";
			projectRoot = "";
			targets = (
				7B09966F1DBE67E200C9CC74 /* SharingTime */,
				7B0996791DBE67E200C9CC74 /* MessagesExtension */,
			);
		};
/* End PBXProject section */

/* Begin PBXResourcesBuildPhase section */
		7B09966E1DBE67E200C9CC74 /* Resources */ = {
			isa = PBXResourcesBuildPhase;
			buildActionMask = 2147483647;
			files = (
				7B0996741DBE67E200C9CC74 /* Assets.xcassets in Resources */,
			);
			runOnlyForDeploymentPostprocessing = 0;
		};
		7B0996781DBE67E200C9CC74 /* Resources */ = {
			isa = PBXResourcesBuildPhase;
			buildActionMask = 2147483647;
			files = (
				7B0996881DBE67E200C9CC74 /* Assets.xcassets in Resources */,
				7B0996861DBE67E200C9CC74 /* MainInterface.storyboard in Resources */,
			);
			runOnlyForDeploymentPostprocessing = 0;
		};
/* End PBXResourcesBuildPhase section */

/* Begin PBXSourcesBuildPhase section */
		7B0996761DBE67E200C9CC74 /* Sources */ = {
			isa = PBXSourcesBuildPhase;
			buildActionMask = 2147483647;
			files = (
				7B0996831DBE67E200C9CC74 /* MessagesViewController.swift in Sources */,
				7B768DB61DBE84890035F19C /* EventVC.swift in Sources */,
			);
			runOnlyForDeploymentPostprocessing = 0;
		};
/* End PBXSourcesBuildPhase section */

/* Begin PBXTargetDependency section */
		7B09967D1DBE67E200C9CC74 /* PBXTargetDependency */ = {
			isa = PBXTargetDependency;
			target = 7B0996791DBE67E200C9CC74 /* MessagesExtension */;
			targetProxy = 7B09967C1DBE67E200C9CC74 /* PBXContainerItemProxy */;
		};
/* End PBXTargetDependency section */

/* Begin PBXVariantGroup section */
		7B0996841DBE67E200C9CC74 /* MainInterface.storyboard */ = {
			isa = PBXVariantGroup;
			children = (
				7B0996851DBE67E200C9CC74 /* Base */,
			);
			name = MainInterface.storyboard;
			sourceTree = "<group>";
		};
/* End PBXVariantGroup section */

/* Begin XCBuildConfiguration section */
		7B09968A1DBE67E200C9CC74 /* Debug */ = {
			isa = XCBuildConfiguration;
			buildSettings = {
				ALWAYS_SEARCH_USER_PATHS = NO;
				CLANG_ANALYZER_NONNULL = YES;
				CLANG_CXX_LANGUAGE_STANDARD = "gnu++0x";
				CLANG_CXX_LIBRARY = "libc++";
				CLANG_ENABLE_MODULES = YES;
				CLANG_ENABLE_OBJC_ARC = YES;
				CLANG_WARN_BOOL_CONVERSION = YES;
				CLANG_WARN_CONSTANT_CONVERSION = YES;
				CLANG_WARN_DIRECT_OBJC_ISA_USAGE = YES_ERROR;
				CLANG_WARN_DOCUMENTATION_COMMENTS = YES;
				CLANG_WARN_EMPTY_BODY = YES;
				CLANG_WARN_ENUM_CONVERSION = YES;
				CLANG_WARN_INFINITE_RECURSION = YES;
				CLANG_WARN_INT_CONVERSION = YES;
				CLANG_WARN_OBJC_ROOT_CLASS = YES_ERROR;
				CLANG_WARN_SUSPICIOUS_MOVES = YES;
				CLANG_WARN_UNREACHABLE_CODE = YES;
				CLANG_WARN__DUPLICATE_METHOD_MATCH = YES;
				"CODE_SIGN_IDENTITY[sdk=iphoneos*]" = "iPhone Developer";
				COPY_PHASE_STRIP = NO;
				DEBUG_INFORMATION_FORMAT = dwarf;
				ENABLE_STRICT_OBJC_MSGSEND = YES;
				ENABLE_TESTABILITY = YES;
				GCC_C_LANGUAGE_STANDARD = gnu99;
				GCC_DYNAMIC_NO_PIC = NO;
				GCC_NO_COMMON_BLOCKS = YES;
				GCC_OPTIMIZATION_LEVEL = 0;
				GCC_PREPROCESSOR_DEFINITIONS = (
					"DEBUG=1",
					"$(inherited)",
				);
				GCC_WARN_64_TO_32_BIT_CONVERSION = YES;
				GCC_WARN_ABOUT_RETURN_TYPE = YES_ERROR;
				GCC_WARN_UNDECLARED_SELECTOR = YES;
				GCC_WARN_UNINITIALIZED_AUTOS = YES_AGGRESSIVE;
				GCC_WARN_UNUSED_FUNCTION = YES;
				GCC_WARN_UNUSED_VARIABLE = YES;
				IPHONEOS_DEPLOYMENT_TARGET = 10.0;
				MTL_ENABLE_DEBUG_INFO = YES;
				ONLY_ACTIVE_ARCH = YES;
				SDKROOT = iphoneos;
				SWIFT_ACTIVE_COMPILATION_CONDITIONS = DEBUG;
				SWIFT_OPTIMIZATION_LEVEL = "-Onone";
			};
			name = Debug;
		};
		7B09968B1DBE67E200C9CC74 /* Release */ = {
			isa = XCBuildConfiguration;
			buildSettings = {
				ALWAYS_SEARCH_USER_PATHS = NO;
				CLANG_ANALYZER_NONNULL = YES;
				CLANG_CXX_LANGUAGE_STANDARD = "gnu++0x";
				CLANG_CXX_LIBRARY = "libc++";
				CLANG_ENABLE_MODULES = YES;
				CLANG_ENABLE_OBJC_ARC = YES;
				CLANG_WARN_BOOL_CONVERSION = YES;
				CLANG_WARN_CONSTANT_CONVERSION = YES;
				CLANG_WARN_DIRECT_OBJC_ISA_USAGE = YES_ERROR;
				CLANG_WARN_DOCUMENTATION_COMMENTS = YES;
				CLANG_WARN_EMPTY_BODY = YES;
				CLANG_WARN_ENUM_CONVERSION = YES;
				CLANG_WARN_INFINITE_RECURSION = YES;
				CLANG_WARN_INT_CONVERSION = YES;
				CLANG_WARN_OBJC_ROOT_CLASS = YES_ERROR;
				CLANG_WARN_SUSPICIOUS_MOVES = YES;
				CLANG_WARN_UNREACHABLE_CODE = YES;
				CLANG_WARN__DUPLICATE_METHOD_MATCH = YES;
				"CODE_SIGN_IDENTITY[sdk=iphoneos*]" = "iPhone Developer";
				COPY_PHASE_STRIP = NO;
				DEBUG_INFORMATION_FORMAT = "dwarf-with-dsym";
				ENABLE_NS_ASSERTIONS = NO;
				ENABLE_STRICT_OBJC_MSGSEND = YES;
				GCC_C_LANGUAGE_STANDARD = gnu99;
				GCC_NO_COMMON_BLOCKS = YES;
				GCC_WARN_64_TO_32_BIT_CONVERSION = YES;
				GCC_WARN_ABOUT_RETURN_TYPE = YES_ERROR;
				GCC_WARN_UNDECLARED_SELECTOR = YES;
				GCC_WARN_UNINITIALIZED_AUTOS = YES_AGGRESSIVE;
				GCC_WARN_UNUSED_FUNCTION = YES;
				GCC_WARN_UNUSED_VARIABLE = YES;
				IPHONEOS_DEPLOYMENT_TARGET = 10.0;
				MTL_ENABLE_DEBUG_INFO = NO;
				SDKROOT = iphoneos;
				SWIFT_OPTIMIZATION_LEVEL = "-Owholemodule";
				VALIDATE_PRODUCT = YES;
			};
			name = Release;
		};
		7B09968D1DBE67E200C9CC74 /* Debug */ = {
			isa = XCBuildConfiguration;
			buildSettings = {
				ASSETCATALOG_COMPILER_APPICON_NAME = "iMessage App Icon";
				DEVELOPMENT_TEAM = 999T2QHS45;
				INFOPLIST_FILE = MessagesExtension/Info.plist;
				LD_RUNPATH_SEARCH_PATHS = "$(inherited) @executable_path/Frameworks @executable_path/../../Frameworks";
				PRODUCT_BUNDLE_IDENTIFIER = com.omnificCondition.SharingTime.MessagesExtension;
				PRODUCT_NAME = "$(TARGET_NAME)";
				SKIP_INSTALL = YES;
				SWIFT_VERSION = 3.0;
			};
			name = Debug;
		};
		7B09968E1DBE67E200C9CC74 /* Release */ = {
			isa = XCBuildConfiguration;
			buildSettings = {
				ASSETCATALOG_COMPILER_APPICON_NAME = "iMessage App Icon";
				DEVELOPMENT_TEAM = 999T2QHS45;
				INFOPLIST_FILE = MessagesExtension/Info.plist;
				LD_RUNPATH_SEARCH_PATHS = "$(inherited) @executable_path/Frameworks @executable_path/../../Frameworks";
				PRODUCT_BUNDLE_IDENTIFIER = com.omnificCondition.SharingTime.MessagesExtension;
				PRODUCT_NAME = "$(TARGET_NAME)";
				SKIP_INSTALL = YES;
				SWIFT_VERSION = 3.0;
			};
			name = Release;
		};
		7B0996911DBE67E200C9CC74 /* Debug */ = {
			isa = XCBuildConfiguration;
			buildSettings = {
				ALWAYS_EMBED_SWIFT_STANDARD_LIBRARIES = YES;
				ASSETCATALOG_COMPILER_APPICON_NAME = AppIcon;
				DEVELOPMENT_TEAM = 999T2QHS45;
				INFOPLIST_FILE = SharingTime/Info.plist;
				PRODUCT_BUNDLE_IDENTIFIER = com.omnificCondition.SharingTime;
				PRODUCT_NAME = "$(TARGET_NAME)";
				SWIFT_VERSION = 3.0;
				TARGETED_DEVICE_FAMILY = "1,2";
			};
			name = Debug;
		};
		7B0996921DBE67E200C9CC74 /* Release */ = {
			isa = XCBuildConfiguration;
			buildSettings = {
				ALWAYS_EMBED_SWIFT_STANDARD_LIBRARIES = YES;
				ASSETCATALOG_COMPILER_APPICON_NAME = AppIcon;
				DEVELOPMENT_TEAM = 999T2QHS45;
				INFOPLIST_FILE = SharingTime/Info.plist;
				PRODUCT_BUNDLE_IDENTIFIER = com.omnificCondition.SharingTime;
				PRODUCT_NAME = "$(TARGET_NAME)";
				SWIFT_VERSION = 3.0;
				TARGETED_DEVICE_FAMILY = "1,2";
			};
			name = Release;
		};
/* End XCBuildConfiguration section */

/* Begin XCConfigurationList section */
		7B09966D1DBE67E200C9CC74 /* Build configuration list for PBXProject "SharingTime" */ = {
			isa = XCConfigurationList;
			buildConfigurations = (
				7B09968A1DBE67E200C9CC74 /* Debug */,
				7B09968B1DBE67E200C9CC74 /* Release */,
			);
			defaultConfigurationIsVisible = 0;
			defaultConfigurationName = Release;
		};
		7B09968C1DBE67E200C9CC74 /* Build configuration list for PBXNativeTarget "MessagesExtension" */ = {
			isa = XCConfigurationList;
			buildConfigurations = (
				7B09968D1DBE67E200C9CC74 /* Debug */,
				7B09968E1DBE67E200C9CC74 /* Release */,
			);
			defaultConfigurationIsVisible = 0;
			defaultConfigurationName = Release;
		};
		7B0996901DBE67E200C9CC74 /* Build configuration list for PBXNativeTarget "SharingTime" */ = {
			isa = XCConfigurationList;
			buildConfigurations = (
				7B0996911DBE67E200C9CC74 /* Debug */,
				7B0996921DBE67E200C9CC74 /* Release */,
			);
			defaultConfigurationIsVisible = 0;
			defaultConfigurationName = Release;
		};
/* End XCConfigurationList section */
	};
	rootObject = 7B09966A1DBE67E200C9CC74 /* Project object */;
}
